<?xml version="1.0" encoding="utf-8"?>
<Project ToolsVersion="14.0" xmlns="http://schemas.microsoft.com/developer/msbuild/2003">
  <ItemGroup>
    <Filter Include="sources">
      <UniqueIdentifier>{596c05f1-e603-4fec-9c7b-f0f612f96ee8}</UniqueIdentifier>
      <Extensions>*.c</Extensions>
    </Filter>
    <Filter Include="headers">
      <UniqueIdentifier>{f1e3f7ea-b026-4040-bca5-092ac5bf06da}</UniqueIdentifier>
      <Extensions>*.h</Extensions>
    </Filter>
  </ItemGroup>
  <ItemGroup>
    <ClInclude Include="..\..\library\aesce.h">
      <Filter>headers</Filter>
    </ClInclude>
    <ClInclude Include="..\..\library\aesni.h">
      <Filter>headers</Filter>
    </ClInclude>
    <ClInclude Include="..\..\library\alignment.h">
      <Filter>headers</Filter>
    </ClInclude>
    <ClInclude Include="..\..\library\bignum_core.h">
      <Filter>headers</Filter>
    </ClInclude>
    <ClInclude Include="..\..\library\bignum_mod.h">
      <Filter>headers</Filter>
    </ClInclude>
    <ClInclude Include="..\..\library\bignum_mod_raw.h">
      <Filter>headers</Filter>
    </ClInclude>
    <ClInclude Include="..\..\library\bignum_mod_raw_invasive.h">
      <Filter>headers</Filter>
    </ClInclude>
    <ClInclude Include="..\..\library\bn_mul.h">
      <Filter>headers</Filter>
    </ClInclude>
    <ClInclude Include="..\..\library\check_crypto_config.h">
      <Filter>headers</Filter>
    </ClInclude>
    <ClInclude Include="..\..\library\cipher_wrap.h">
      <Filter>headers</Filter>
    </ClInclude>
    <ClInclude Include="..\..\library\common.h">
      <Filter>headers</Filter>
    </ClInclude>
    <ClInclude Include="..\..\library\constant_time_internal.h">
      <Filter>headers</Filter>
    </ClInclude>
    <ClInclude Include="..\..\library\constant_time_invasive.h">
      <Filter>headers</Filter>
    </ClInclude>
    <ClInclude Include="..\..\library\ecp_internal_alt.h">
      <Filter>headers</Filter>
    </ClInclude>
    <ClInclude Include="..\..\library\ecp_invasive.h">
      <Filter>headers</Filter>
    </ClInclude>
    <ClInclude Include="..\..\library\entropy_poll.h">
      <Filter>headers</Filter>
    </ClInclude>
    <ClInclude Include="..\..\library\hash_info.h">
      <Filter>headers</Filter>
    </ClInclude>
    <ClInclude Include="..\..\library\lmots.h">
      <Filter>headers</Filter>
    </ClInclude>
    <ClInclude Include="..\..\library\md_wrap.h">
      <Filter>headers</Filter>
    </ClInclude>
    <ClInclude Include="..\..\library\mps_common.h">
      <Filter>headers</Filter>
    </ClInclude>
    <ClInclude Include="..\..\library\mps_error.h">
      <Filter>headers</Filter>
    </ClInclude>
    <ClInclude Include="..\..\library\mps_reader.h">
      <Filter>headers</Filter>
    </ClInclude>
    <ClInclude Include="..\..\library\mps_trace.h">
      <Filter>headers</Filter>
    </ClInclude>
    <ClInclude Include="..\..\library\padlock.h">
      <Filter>headers</Filter>
    </ClInclude>
    <ClInclude Include="..\..\library\pk_wrap.h">
      <Filter>headers</Filter>
    </ClInclude>
    <ClInclude Include="..\..\library\pkwrite.h">
      <Filter>headers</Filter>
    </ClInclude>
    <ClInclude Include="..\..\library\psa_crypto_aead.h">
      <Filter>headers</Filter>
    </ClInclude>
    <ClInclude Include="..\..\library\psa_crypto_cipher.h">
      <Filter>headers</Filter>
    </ClInclude>
    <ClInclude Include="..\..\library\psa_crypto_core.h">
      <Filter>headers</Filter>
    </ClInclude>
    <ClInclude Include="..\..\library\psa_crypto_driver_wrappers.h">
      <Filter>headers</Filter>
    </ClInclude>
    <ClInclude Include="..\..\library\psa_crypto_ecp.h">
      <Filter>headers</Filter>
    </ClInclude>
    <ClInclude Include="..\..\library\psa_crypto_hash.h">
      <Filter>headers</Filter>
    </ClInclude>
    <ClInclude Include="..\..\library\psa_crypto_invasive.h">
      <Filter>headers</Filter>
    </ClInclude>
    <ClInclude Include="..\..\library\psa_crypto_its.h">
      <Filter>headers</Filter>
    </ClInclude>
    <ClInclude Include="..\..\library\psa_crypto_mac.h">
      <Filter>headers</Filter>
    </ClInclude>
    <ClInclude Include="..\..\library\psa_crypto_pake.h">
      <Filter>headers</Filter>
    </ClInclude>
    <ClInclude Include="..\..\library\psa_crypto_random_impl.h">
      <Filter>headers</Filter>
    </ClInclude>
    <ClInclude Include="..\..\library\psa_crypto_rsa.h">
      <Filter>headers</Filter>
    </ClInclude>
    <ClInclude Include="..\..\library\psa_crypto_se.h">
      <Filter>headers</Filter>
    </ClInclude>
    <ClInclude Include="..\..\library\psa_crypto_slot_management.h">
      <Filter>headers</Filter>
    </ClInclude>
    <ClInclude Include="..\..\library\psa_crypto_storage.h">
      <Filter>headers</Filter>
    </ClInclude>
    <ClInclude Include="..\..\library\rsa_alt_helpers.h">
      <Filter>headers</Filter>
    </ClInclude>
    <ClInclude Include="..\..\library\ssl_client.h">
      <Filter>headers</Filter>
    </ClInclude>
    <ClInclude Include="..\..\library\ssl_debug_helpers.h">
      <Filter>headers</Filter>
    </ClInclude>
    <ClInclude Include="..\..\library\ssl_misc.h">
      <Filter>headers</Filter>
    </ClInclude>
    <ClInclude Include="..\..\library\ssl_tls13_invasive.h">
      <Filter>headers</Filter>
    </ClInclude>
    <ClInclude Include="..\..\library\ssl_tls13_keys.h">
      <Filter>headers</Filter>
    </ClInclude>
  </ItemGroup>
  <ItemGroup>
    <ClCompile Include="..\..\library\aes.c">
      <Filter>sources</Filter>
    </ClCompile>
    <ClCompile Include="..\..\library\aesce.c">
      <Filter>sources</Filter>
    </ClCompile>
    <ClCompile Include="..\..\library\aesni.c">
      <Filter>sources</Filter>
    </ClCompile>
    <ClCompile Include="..\..\library\aria.c">
      <Filter>sources</Filter>
    </ClCompile>
    <ClCompile Include="..\..\library\asn1parse.c">
      <Filter>sources</Filter>
    </ClCompile>
    <ClCompile Include="..\..\library\asn1write.c">
      <Filter>sources</Filter>
    </ClCompile>
    <ClCompile Include="..\..\library\base64.c">
      <Filter>sources</Filter>
    </ClCompile>
    <ClCompile Include="..\..\library\bignum.c">
      <Filter>sources</Filter>
    </ClCompile>
    <ClCompile Include="..\..\library\bignum_core.c">
      <Filter>sources</Filter>
    </ClCompile>
    <ClCompile Include="..\..\library\bignum_mod.c">
      <Filter>sources</Filter>
    </ClCompile>
    <ClCompile Include="..\..\library\bignum_mod_raw.c">
      <Filter>sources</Filter>
    </ClCompile>
    <ClCompile Include="..\..\library\camellia.c">
      <Filter>sources</Filter>
    </ClCompile>
    <ClCompile Include="..\..\library\ccm.c">
      <Filter>sources</Filter>
    </ClCompile>
    <ClCompile Include="..\..\library\chacha20.c">
      <Filter>sources</Filter>
    </ClCompile>
    <ClCompile Include="..\..\library\chachapoly.c">
      <Filter>sources</Filter>
    </ClCompile>
    <ClCompile Include="..\..\library\cipher.c">
      <Filter>sources</Filter>
    </ClCompile>
    <ClCompile Include="..\..\library\cipher_wrap.c">
      <Filter>sources</Filter>
    </ClCompile>
    <ClCompile Include="..\..\library\cmac.c">
      <Filter>sources</Filter>
    </ClCompile>
    <ClCompile Include="..\..\library\constant_time.c">
      <Filter>sources</Filter>
    </ClCompile>
    <ClCompile Include="..\..\library\ctr_drbg.c">
      <Filter>sources</Filter>
    </ClCompile>
    <ClCompile Include="..\..\library\debug.c">
      <Filter>sources</Filter>
    </ClCompile>
    <ClCompile Include="..\..\library\des.c">
      <Filter>sources</Filter>
    </ClCompile>
    <ClCompile Include="..\..\library\dhm.c">
      <Filter>sources</Filter>
    </ClCompile>
    <ClCompile Include="..\..\library\ecdh.c">
      <Filter>sources</Filter>
    </ClCompile>
    <ClCompile Include="..\..\library\ecdsa.c">
      <Filter>sources</Filter>
    </ClCompile>
    <ClCompile Include="..\..\library\ecjpake.c">
      <Filter>sources</Filter>
    </ClCompile>
    <ClCompile Include="..\..\library\ecp.c">
      <Filter>sources</Filter>
    </ClCompile>
    <ClCompile Include="..\..\library\ecp_curves.c">
      <Filter>sources</Filter>
    </ClCompile>
    <ClCompile Include="..\..\library\entropy.c">
      <Filter>sources</Filter>
    </ClCompile>
    <ClCompile Include="..\..\library\entropy_poll.c">
      <Filter>sources</Filter>
    </ClCompile>
    <ClCompile Include="..\..\library\error.c">
      <Filter>sources</Filter>
    </ClCompile>
    <ClCompile Include="..\..\library\gcm.c">
      <Filter>sources</Filter>
    </ClCompile>
    <ClCompile Include="..\..\library\hash_info.c">
      <Filter>sources</Filter>
    </ClCompile>
    <ClCompile Include="..\..\library\hkdf.c">
      <Filter>sources</Filter>
    </ClCompile>
    <ClCompile Include="..\..\library\hmac_drbg.c">
      <Filter>sources</Filter>
    </ClCompile>
    <ClCompile Include="..\..\library\lmots.c">
      <Filter>sources</Filter>
    </ClCompile>
    <ClCompile Include="..\..\library\lms.c">
      <Filter>sources</Filter>
    </ClCompile>
    <ClCompile Include="..\..\library\md.c">
      <Filter>sources</Filter>
    </ClCompile>
    <ClCompile Include="..\..\library\md5.c">
      <Filter>sources</Filter>
    </ClCompile>
    <ClCompile Include="..\..\library\memory_buffer_alloc.c">
      <Filter>sources</Filter>
    </ClCompile>
    <ClCompile Include="..\..\library\mps_reader.c">
      <Filter>sources</Filter>
    </ClCompile>
    <ClCompile Include="..\..\library\mps_trace.c">
      <Filter>sources</Filter>
    </ClCompile>
    <ClCompile Include="..\..\library\net_sockets.c">
      <Filter>sources</Filter>
    </ClCompile>
    <ClCompile Include="..\..\library\nist_kw.c">
      <Filter>sources</Filter>
    </ClCompile>
    <ClCompile Include="..\..\library\oid.c">
      <Filter>sources</Filter>
    </ClCompile>
    <ClCompile Include="..\..\library\padlock.c">
      <Filter>sources</Filter>
    </ClCompile>
    <ClCompile Include="..\..\library\pem.c">
      <Filter>sources</Filter>
    </ClCompile>
    <ClCompile Include="..\..\library\pk.c">
      <Filter>sources</Filter>
    </ClCompile>
    <ClCompile Include="..\..\library\pk_wrap.c">
      <Filter>sources</Filter>
    </ClCompile>
    <ClCompile Include="..\..\library\pkcs5.c">
      <Filter>sources</Filter>
    </ClCompile>
    <ClCompile Include="..\..\library\pkcs7.c">
      <Filter>sources</Filter>
    </ClCompile>
    <ClCompile Include="..\..\library\pkcs12.c">
      <Filter>sources</Filter>
    </ClCompile>
    <ClCompile Include="..\..\library\pkparse.c">
      <Filter>sources</Filter>
    </ClCompile>
    <ClCompile Include="..\..\library\pkwrite.c">
      <Filter>sources</Filter>
    </ClCompile>
    <ClCompile Include="..\..\library\platform.c">
      <Filter>sources</Filter>
    </ClCompile>
    <ClCompile Include="..\..\library\platform_util.c">
      <Filter>sources</Filter>
    </ClCompile>
    <ClCompile Include="..\..\library\poly1305.c">
      <Filter>sources</Filter>
    </ClCompile>
    <ClCompile Include="..\..\library\psa_crypto.c">
      <Filter>sources</Filter>
    </ClCompile>
    <ClCompile Include="..\..\library\psa_crypto_aead.c">
      <Filter>sources</Filter>
    </ClCompile>
    <ClCompile Include="..\..\library\psa_crypto_cipher.c">
      <Filter>sources</Filter>
    </ClCompile>
    <ClCompile Include="..\..\library\psa_crypto_client.c">
      <Filter>sources</Filter>
    </ClCompile>
    <ClCompile Include="..\..\library\psa_crypto_driver_wrappers.c">
      <Filter>sources</Filter>
    </ClCompile>
    <ClCompile Include="..\..\library\psa_crypto_ecp.c">
      <Filter>sources</Filter>
    </ClCompile>
    <ClCompile Include="..\..\library\psa_crypto_hash.c">
      <Filter>sources</Filter>
    </ClCompile>
    <ClCompile Include="..\..\library\psa_crypto_mac.c">
      <Filter>sources</Filter>
    </ClCompile>
    <ClCompile Include="..\..\library\psa_crypto_pake.c">
      <Filter>sources</Filter>
    </ClCompile>
    <ClCompile Include="..\..\library\psa_crypto_rsa.c">
      <Filter>sources</Filter>
    </ClCompile>
    <ClCompile Include="..\..\library\psa_crypto_se.c">
      <Filter>sources</Filter>
    </ClCompile>
    <ClCompile Include="..\..\library\psa_crypto_slot_management.c">
      <Filter>sources</Filter>
    </ClCompile>
    <ClCompile Include="..\..\library\psa_crypto_storage.c">
      <Filter>sources</Filter>
    </ClCompile>
    <ClCompile Include="..\..\library\psa_its_file.c">
      <Filter>sources</Filter>
    </ClCompile>
    <ClCompile Include="..\..\library\psa_util.c">
      <Filter>sources</Filter>
    </ClCompile>
    <ClCompile Include="..\..\library\ripemd160.c">
      <Filter>sources</Filter>
    </ClCompile>
    <ClCompile Include="..\..\library\rsa.c">
      <Filter>sources</Filter>
    </ClCompile>
    <ClCompile Include="..\..\library\rsa_alt_helpers.c">
      <Filter>sources</Filter>
    </ClCompile>
    <ClCompile Include="..\..\library\sha1.c">
      <Filter>sources</Filter>
    </ClCompile>
    <ClCompile Include="..\..\library\sha256.c">
      <Filter>sources</Filter>
    </ClCompile>
    <ClCompile Include="..\..\library\sha512.c">
      <Filter>sources</Filter>
    </ClCompile>
    <ClCompile Include="..\..\library\ssl_cache.c">
      <Filter>sources</Filter>
    </ClCompile>
    <ClCompile Include="..\..\library\ssl_ciphersuites.c">
      <Filter>sources</Filter>
    </ClCompile>
    <ClCompile Include="..\..\library\ssl_client.c">
      <Filter>sources</Filter>
    </ClCompile>
    <ClCompile Include="..\..\library\ssl_cookie.c">
      <Filter>sources</Filter>
    </ClCompile>
    <ClCompile Include="..\..\library\ssl_debug_helpers_generated.c">
      <Filter>sources</Filter>
    </ClCompile>
    <ClCompile Include="..\..\library\ssl_msg.c">
      <Filter>sources</Filter>
    </ClCompile>
    <ClCompile Include="..\..\library\ssl_ticket.c">
      <Filter>sources</Filter>
    </ClCompile>
    <ClCompile Include="..\..\library\ssl_tls.c">
      <Filter>sources</Filter>
    </ClCompile>
    <ClCompile Include="..\..\library\ssl_tls12_client.c">
      <Filter>sources</Filter>
    </ClCompile>
    <ClCompile Include="..\..\library\ssl_tls12_server.c">
      <Filter>sources</Filter>
    </ClCompile>
    <ClCompile Include="..\..\library\ssl_tls13_client.c">
      <Filter>sources</Filter>
    </ClCompile>
    <ClCompile Include="..\..\library\ssl_tls13_generic.c">
      <Filter>sources</Filter>
    </ClCompile>
    <ClCompile Include="..\..\library\ssl_tls13_keys.c">
      <Filter>sources</Filter>
    </ClCompile>
    <ClCompile Include="..\..\library\ssl_tls13_server.c">
      <Filter>sources</Filter>
    </ClCompile>
    <ClCompile Include="..\..\library\threading.c">
      <Filter>sources</Filter>
    </ClCompile>
    <ClCompile Include="..\..\library\timing.c">
      <Filter>sources</Filter>
    </ClCompile>
    <ClCompile Include="..\..\library\version.c">
      <Filter>sources</Filter>
    </ClCompile>
    <ClCompile Include="..\..\library\version_features.c">
      <Filter>sources</Filter>
    </ClCompile>
    <ClCompile Include="..\..\library\x509.c">
      <Filter>sources</Filter>
    </ClCompile>
    <ClCompile Include="..\..\library\x509_create.c">
      <Filter>sources</Filter>
    </ClCompile>
    <ClCompile Include="..\..\library\x509_crl.c">
      <Filter>sources</Filter>
    </ClCompile>
    <ClCompile Include="..\..\library\x509_crt.c">
      <Filter>sources</Filter>
    </ClCompile>
    <ClCompile Include="..\..\library\x509_csr.c">
      <Filter>sources</Filter>
    </ClCompile>
    <ClCompile Include="..\..\library\x509write_crt.c">
      <Filter>sources</Filter>
    </ClCompile>
    <ClCompile Include="..\..\library\x509write_csr.c">
      <Filter>sources</Filter>
    </ClCompile>
    <ClCompile Include="..\..\library\threading_alt.c">
      <Filter>sources</Filter>
    </ClCompile>
    <ClCompile Include="..\..\library\platform_alt.c">
      <Filter>sources</Filter>
    </ClCompile>
  </ItemGroup>
</Project>